{
  "nodes": {
    "citeref-src": {
      "flake": false,
      "locked": {
        "lastModified": 1790288205,
        "narHash": "sha256-Wuoo/9xDpH4XTDAu5ZPvGzeLp5YcoLWwGQFQ+SUzCwU=",
        "owner": "urtzienriquez",
        "repo": "citeref.nvim",
        "rev": "c952d8b187f353fc87191edf1f219ab8d36a8daa",
        "type": "github"
      },
      "original": {
        "owner": "urtzienriquez",
        "repo": "citeref.nvim",
        "type": "github"
      }
    },
    "dictate-src": {
      "flake": false,
      "locked": {
        "lastModified": 1773488036,
        "narHash": "sha256-rQ3P3vM0dsz2cBlhxP/pu6iEZAW/1wvG5IyUCX6MLGA=",
        "owner": "msf",
        "repo": "dictate",
        "rev": "9660ce307d9ebf5f0880b00c25f7364577b40879",
        "type": "github"
      },
      "original": {
        "owner": "msf",
        "repo": "dictate",
        "type": "github"
      }
    },
    "home-manager": {
      "inputs": {
        "nixpkgs": [
          "nixpkgs"
        ]
      },
      "locked": {
        "lastModified": 1790215976,
        "narHash": "sha256-VkR1rMGyjU9jtw8ISFx5uqR9e+LEaOlhHwrseFkiIVk=",
        "owner": "nix-community",
        "repo": "home-manager",
        "rev": "a6631107a83ceab5872f298a2ea710859c80c4cb",
        "type": "github"
      },
      "original": {
        "owner": "nix-community",
        "ref": "release-26.05",
        "repo": "home-manager",
        "type": "github"
      }
    },
    "nixpkgs": {
      "locked": {
        "lastModified": 1790218706,
        "narHash": "sha256-6e4Na3z008XpdVyOXgfasXIn1aN+z8AXFG+jXdQSyuI=",
        "owner": "NixOS",
        "repo": "nixpkgs",
        "rev": "c508844df6c28fa6dabc1b6af70f3ccbd65c5201",
        "type": "github"
      },
      "original": {
        "owner": "NixOS",
        "ref": "nixos-26.05",
        "repo": "nixpkgs",
        "type": "github"
      }
    },
    "nixpkgs-unstable": {
      "locked": {
        "lastModified": 1790323409,
        "narHash": "sha256-VVTPf+Hyd5ebpjBMHmrLMSBIeW6ls48Bqtosj7CNKLA=",
        "owner": "NixOS",
        "repo": "nixpkgs",
        "rev": "e94cb152ed51bd6e24eb4a41f1460252beb52cd2",
        "type": "github"
      },
      "original": {
        "owner": "NixOS",
        "ref": "nixos-unstable",
        "repo": "nixpkgs",
        "type": "github"
      }
    },
    "remote-zettel": {
      "inputs": {
        "nixpkgs": [
          "nixpkgs"
        ]
      },
      "locked": {
        "lastModified": 1790429197,
        "narHash": "sha256-eZoN4FaVa+pLqX6P+c+IRa/nEQOQdGtK2T0Ad+o8wQw=",
        "ref": "refs/heads/main",
        "rev": "6f19ef04740086beb6a3a4d68af4c3a37805c8cb",
        "revCount": 29,
        "type": "git",
        "url": "ssh://git@github.com/damon-sava-stanley/remote-zettel.git"
      },
      "original": {
        "type": "git",
        "url": "ssh://git@github.com/damon-sava-stanley/remote-zettel.git"
      }
    },
    "root": {
      "inputs": {
        "citeref-src": "citeref-src",
        "dictate-src": "dictate-src",
        "home-manager": "home-manager",
        "nixpkgs": "nixpkgs",
        "nixpkgs-unstable": "nixpkgs-unstable",
        "remote-zettel": "remote-zettel"
      }
    }
  },
  "root": "root",
  "version": 7
}
